
Microsoft Visual Studio Solution File, Format Version 12.00
# Visual Studio Version 17
VisualStudioVersion = 17.7.34031.279
MinimumVisualStudioVersion = 10.0.40219.1
Project("{FAE04EC0-301F-11D3-BF4B-00C04F79EFBC}") = "EmprestimosLivos", "EmprestimosLivos\EmprestimosLivos.csproj", "{562A1215-C04D-47EE-AFB7-3C62C74D8646}"
EndProject
Global
	GlobalSection(SolutionConfigurationPlatforms) = preSolution
		Debug|Any CPU = Debug|Any CPU
		Release|Any CPU = Release|Any CPU
	EndGlobalSection
	GlobalSection(ProjectConfigurationPlatforms) = postSolution
		{562A1215-C04D-47EE-AFB7-3C62C74D8646}.Debug|Any CPU.ActiveCfg = Debug|Any CPU
		{562A1215-C04D-47EE-AFB7-3C62C74D8646}.Debug|Any CPU.Build.0 = Debug|Any CPU
		{562A1215-C04D-47EE-AFB7-3C62C74D8646}.Release|Any CPU.ActiveCfg = Release|Any CPU
		{562A1215-C04D-47EE-AFB7-3C62C74D8646}.Release|Any CPU.Build.0 = Release|Any CPU
	EndGlobalSection
	GlobalSection(SolutionProperties) = preSolution
		HideSolutionNode = FALSE
	EndGlobalSection
	GlobalSection(ExtensibilityGlobals) = postSolution
		SolutionGuid = {92D201F4-7974-407D-AD4D-AEFC11518B52}
	EndGlobalSection
EndGlobal
